
Microsoft Visual Studio Solution File, Format Version 12.00
# Visual Studio 14
VisualStudioVersion = 14.0.25420.1
MinimumVisualStudioVersion = 10.0.40219.1
Project("{FAE04EC0-301F-11D3-BF4B-00C04F79EFBC}") = "PROCAS2.Web", "PROCAS2\PROCAS2.Web.csproj", "{B046A422-23FB-48CD-B773-2203A472D9B7}"
EndProject
Project("{FAE04EC0-301F-11D3-BF4B-00C04F79EFBC}") = "PROCAS2.Data", "PROCAS2.Data\PROCAS2.Data.csproj", "{7F57A06C-F6C8-440F-974B-D3C3DBE83358}"
EndProject
Project("{FAE04EC0-301F-11D3-BF4B-00C04F79EFBC}") = "PROCAS2.Models", "PROCAS2.Models\PROCAS2.Models.csproj", "{6DEF130A-C66D-4D48-BAA2-E9345DDD1DE7}"
EndProject
Project("{FAE04EC0-301F-11D3-BF4B-00C04F79EFBC}") = "PROCAS2.Services", "PROCAS2.Services\PROCAS2.Services.csproj", "{A71219B1-436F-4E17-988F-C784E17940E3}"
EndProject
Project("{FAE04EC0-301F-11D3-BF4B-00C04F79EFBC}") = "PROCAS2.Resources", "PROCAS2.Resources\PROCAS2.Resources.csproj", "{5278AA4D-7693-4D84-8D08-665360160C5F}"
EndProject
Project("{FAE04EC0-301F-11D3-BF4B-00C04F79EFBC}") = "PROCAS2.Tests", "PROCAS2.Tests\PROCAS2.Tests.csproj", "{948E81F9-1828-4ED2-951D-73A6E197AE86}"
EndProject
Project("{2150E333-8FDC-42A3-9474-1A3956D46DE8}") = "Solution Items", "Solution Items", "{278FB236-5467-490F-B980-085791445DD1}"
	ProjectSection(SolutionItems) = preProject
		README.md = README.md
	EndProjectSection
EndProject
Project("{FAE04EC0-301F-11D3-BF4B-00C04F79EFBC}") = "PROCAS2.Webjob.GetCRAMessages", "PROCAS2.Webjob.GetCRAMessages\PROCAS2.Webjob.GetCRAMessages.csproj", "{AAB05660-D36D-478E-9BC0-F8FE1C038D08}"
EndProject
Global
	GlobalSection(SolutionConfigurationPlatforms) = preSolution
		Debug|Any CPU = Debug|Any CPU
		Release|Any CPU = Release|Any CPU
		Test|Any CPU = Test|Any CPU
	EndGlobalSection
	GlobalSection(ProjectConfigurationPlatforms) = postSolution
		{B046A422-23FB-48CD-B773-2203A472D9B7}.Debug|Any CPU.ActiveCfg = Debug|Any CPU
		{B046A422-23FB-48CD-B773-2203A472D9B7}.Debug|Any CPU.Build.0 = Debug|Any CPU
		{B046A422-23FB-48CD-B773-2203A472D9B7}.Release|Any CPU.ActiveCfg = Release|Any CPU
		{B046A422-23FB-48CD-B773-2203A472D9B7}.Release|Any CPU.Build.0 = Release|Any CPU
		{B046A422-23FB-48CD-B773-2203A472D9B7}.Test|Any CPU.ActiveCfg = Test|Any CPU
		{B046A422-23FB-48CD-B773-2203A472D9B7}.Test|Any CPU.Build.0 = Test|Any CPU
		{7F57A06C-F6C8-440F-974B-D3C3DBE83358}.Debug|Any CPU.ActiveCfg = Debug|Any CPU
		{7F57A06C-F6C8-440F-974B-D3C3DBE83358}.Debug|Any CPU.Build.0 = Debug|Any CPU
		{7F57A06C-F6C8-440F-974B-D3C3DBE83358}.Release|Any CPU.ActiveCfg = Release|Any CPU
		{7F57A06C-F6C8-440F-974B-D3C3DBE83358}.Release|Any CPU.Build.0 = Release|Any CPU
		{7F57A06C-F6C8-440F-974B-D3C3DBE83358}.Test|Any CPU.ActiveCfg = Test|Any CPU
		{7F57A06C-F6C8-440F-974B-D3C3DBE83358}.Test|Any CPU.Build.0 = Test|Any CPU
		{6DEF130A-C66D-4D48-BAA2-E9345DDD1DE7}.Debug|Any CPU.ActiveCfg = Debug|Any CPU
		{6DEF130A-C66D-4D48-BAA2-E9345DDD1DE7}.Debug|Any CPU.Build.0 = Debug|Any CPU
		{6DEF130A-C66D-4D48-BAA2-E9345DDD1DE7}.Release|Any CPU.ActiveCfg = Release|Any CPU
		{6DEF130A-C66D-4D48-BAA2-E9345DDD1DE7}.Release|Any CPU.Build.0 = Release|Any CPU
		{6DEF130A-C66D-4D48-BAA2-E9345DDD1DE7}.Test|Any CPU.ActiveCfg = Test|Any CPU
		{6DEF130A-C66D-4D48-BAA2-E9345DDD1DE7}.Test|Any CPU.Build.0 = Test|Any CPU
		{A71219B1-436F-4E17-988F-C784E17940E3}.Debug|Any CPU.ActiveCfg = Debug|Any CPU
		{A71219B1-436F-4E17-988F-C784E17940E3}.Debug|Any CPU.Build.0 = Debug|Any CPU
		{A71219B1-436F-4E17-988F-C784E17940E3}.Release|Any CPU.ActiveCfg = Release|Any CPU
		{A71219B1-436F-4E17-988F-C784E17940E3}.Release|Any CPU.Build.0 = Release|Any CPU
		{A71219B1-436F-4E17-988F-C784E17940E3}.Test|Any CPU.ActiveCfg = Test|Any CPU
		{A71219B1-436F-4E17-988F-C784E17940E3}.Test|Any CPU.Build.0 = Test|Any CPU
		{5278AA4D-7693-4D84-8D08-665360160C5F}.Debug|Any CPU.ActiveCfg = Debug|Any CPU
		{5278AA4D-7693-4D84-8D08-665360160C5F}.Debug|Any CPU.Build.0 = Debug|Any CPU
		{5278AA4D-7693-4D84-8D08-665360160C5F}.Release|Any CPU.ActiveCfg = Release|Any CPU
		{5278AA4D-7693-4D84-8D08-665360160C5F}.Release|Any CPU.Build.0 = Release|Any CPU
		{5278AA4D-7693-4D84-8D08-665360160C5F}.Test|Any CPU.ActiveCfg = Test|Any CPU
		{5278AA4D-7693-4D84-8D08-665360160C5F}.Test|Any CPU.Build.0 = Test|Any CPU
		{948E81F9-1828-4ED2-951D-73A6E197AE86}.Debug|Any CPU.ActiveCfg = Debug|Any CPU
		{948E81F9-1828-4ED2-951D-73A6E197AE86}.Debug|Any CPU.Build.0 = Debug|Any CPU
		{948E81F9-1828-4ED2-951D-73A6E197AE86}.Release|Any CPU.ActiveCfg = Release|Any CPU
		{948E81F9-1828-4ED2-951D-73A6E197AE86}.Release|Any CPU.Build.0 = Release|Any CPU
		{948E81F9-1828-4ED2-951D-73A6E197AE86}.Test|Any CPU.ActiveCfg = Test|Any CPU
		{948E81F9-1828-4ED2-951D-73A6E197AE86}.Test|Any CPU.Build.0 = Test|Any CPU
		{AAB05660-D36D-478E-9BC0-F8FE1C038D08}.Debug|Any CPU.ActiveCfg = Debug|Any CPU
		{AAB05660-D36D-478E-9BC0-F8FE1C038D08}.Debug|Any CPU.Build.0 = Debug|Any CPU
		{AAB05660-D36D-478E-9BC0-F8FE1C038D08}.Release|Any CPU.ActiveCfg = Release|Any CPU
		{AAB05660-D36D-478E-9BC0-F8FE1C038D08}.Release|Any CPU.Build.0 = Release|Any CPU
		{AAB05660-D36D-478E-9BC0-F8FE1C038D08}.Test|Any CPU.ActiveCfg = Test|Any CPU
		{AAB05660-D36D-478E-9BC0-F8FE1C038D08}.Test|Any CPU.Build.0 = Test|Any CPU
	EndGlobalSection
	GlobalSection(SolutionProperties) = preSolution
		HideSolutionNode = FALSE
	EndGlobalSection
EndGlobal
